lockfileVersion: '9.0'

settings:
  autoInstallPeers: true
  excludeLinksFromLockfile: false

importers:

  .:
    devDependencies:
      '@types/node':
        specifier: ^22.13.5
        version: 22.13.5
      memory-streams:
        specifier: ^0.1.3
        version: 0.1.3
      muhammara:
        specifier: ^5.3.0
        version: 5.3.0
      pdf2pic:
        specifier: ^3.1.3
        version: 3.1.3
      pdfjs-dist:
        specifier: ^4.10.38
        version: 4.10.38
      ts-node:
        specifier: ^10.9.2
        version: 10.9.2(@types/node@22.13.5)(typescript@5.7.3)
      typescript:
        specifier: ^5.7.3
        version: 5.7.3

packages:

  '@cspotcode/source-map-support@0.8.1':
    resolution: {integrity: sha512-IchNf6dN4tHoMFIn/7OE8LWZ19Y6q/67Bmf6vnGREv8RSbBVb9LPJxEcnwrcwX6ixSvaiGoomAUvu4YSxXrVgw==}
    engines: {node: '>=12'}

  '@jridgewell/resolve-uri@3.1.2':
    resolution: {integrity: sha512-bRISgCIjP20/tbWSPWMEi54QVPRZExkuD9lJL+UIxUKtwVJA8wW1Trb1jMs1RFXo1CBTNZ/5hpC9QvmKWdopKw==}
    engines: {node: '>=6.0.0'}

  '@jridgewell/sourcemap-codec@1.5.0':
    resolution: {integrity: sha512-gv3ZRaISU3fjPAgNsriBRqGWQL6quFx04YMPW/zD8XMLsU32mhCCbfbO6KZFLjvYpCZ8zyDEgqsgf+PwPaM7GQ==}

  '@jridgewell/trace-mapping@0.3.9':
    resolution: {integrity: sha512-3Belt6tdc8bPgAtbcmdtNJlirVoTmEb5e2gC94PnkwEW9jI6CAHUeoG85tjWP5WquqfavoMtMwiG4P926ZKKuQ==}

  '@napi-rs/canvas-android-arm64@0.1.67':
    resolution: {integrity: sha512-W+3DFG5h0WU8Vqqb3W5fNmm5/TPH5ECZRinQDK4CAKFSUkc4iZcDwrmyFG9sB4KdHazf1mFVHCpEeVMO6Mk6Zg==}
    engines: {node: '>= 10'}
    cpu: [arm64]
    os: [android]

  '@napi-rs/canvas-darwin-arm64@0.1.67':
    resolution: {integrity: sha512-xzrv7QboI47yhIHR5P5u/9KGswokuOKLiKSukr1Ku03RRJxP6lGuVtrAZAgdRg7F9FsuF2REf2yK53YVb6pMlA==}
    engines: {node: '>= 10'}
    cpu: [arm64]
    os: [darwin]

  '@napi-rs/canvas-darwin-x64@0.1.67':
    resolution: {integrity: sha512-SNk9lYBr84N0gW8MZ2IrjygFtbFBILr3SEqMdHzHHuph20SQmssFvJGPZwSSCMEyKAvyqhogbmlew0te5Z4w9Q==}
    engines: {node: '>= 10'}
    cpu: [x64]
    os: [darwin]

  '@napi-rs/canvas-linux-arm-gnueabihf@0.1.67':
    resolution: {integrity: sha512-qmBlSvUpl567bzH8tNXi82u5FrL4d0qINqd6K9O7GWGGGFmKMJdrgi2/SW3wwCTxqHBasIDdVWc4KSJfwyaoDQ==}
    engines: {node: '>= 10'}
    cpu: [arm]
    os: [linux]

  '@napi-rs/canvas-linux-arm64-gnu@0.1.67':
    resolution: {integrity: sha512-k3nAPQefkMeFuJ65Rqdnx92KX1JXQhEKjjWeKsCJB+7sIBgQUWtHo9c3etfVLv5pkWJJDFi/Zc2soNkH3E8dRA==}
    engines: {node: '>= 10'}
    cpu: [arm64]
    os: [linux]

  '@napi-rs/canvas-linux-arm64-musl@0.1.67':
    resolution: {integrity: sha512-lZwHWR1cCP408l86n3Qbs3X1oFeAYMjJIQvQl1VMZh6wo5PfI+jaZSKBUOd8x44TnVllX9yhLY9unNRztk/sUQ==}
    engines: {node: '>= 10'}
    cpu: [arm64]
    os: [linux]

  '@napi-rs/canvas-linux-riscv64-gnu@0.1.67':
    resolution: {integrity: sha512-PdBC9p6bLHA1W3OdA0vTHj701SB/kioGQ1uCFBRMs5KBCaMLb/H4aNi8uaIUIEvBWnxeAjoNcLU7//q0FxEosw==}
    engines: {node: '>= 10'}
    cpu: [riscv64]
    os: [linux]

  '@napi-rs/canvas-linux-x64-gnu@0.1.67':
    resolution: {integrity: sha512-kJJX6eWzjipL/LdKOWCJctc88e5yzuXri8+s0V/lN06OwuLGW62TWS3lvi8qlUrGMOfRGabSWWlB4omhASSB8w==}
    engines: {node: '>= 10'}
    cpu: [x64]
    os: [linux]

  '@napi-rs/canvas-linux-x64-musl@0.1.67':
    resolution: {integrity: sha512-jLKiPWGeN6ZzhnaLG7ex7eexsiHJ1mdtPK1qKvETIcu45dApMXyUIHvdL6XWB5gFFtj5ScHzLUxv1vkfPZsoxA==}
    engines: {node: '>= 10'}
    cpu: [x64]
    os: [linux]

  '@napi-rs/canvas-win32-x64-msvc@0.1.67':
    resolution: {integrity: sha512-K/JmkOFbc4iRZYUqJhj0jwqfHA/wNQEmTiGNsgZ6d59yF/IBNp5T0D5eg3B8ghjI8GxDYCiSJ6DNX8mC3Oh2EQ==}
    engines: {node: '>= 10'}
    cpu: [x64]
    os: [win32]

  '@napi-rs/canvas@0.1.67':
    resolution: {integrity: sha512-VA4Khm/5Kg2bQGx3jXotTC4MloOG8b1Ung80exafUK0k5u6yJmIz3Q2iXeeWZs5weV+LQOEB+CPKsYwEYaGAjw==}
    engines: {node: '>= 10'}

  '@tsconfig/node10@1.0.11':
    resolution: {integrity: sha512-DcRjDCujK/kCk/cUe8Xz8ZSpm8mS3mNNpta+jGCA6USEDfktlNvm1+IuZ9eTcDbNk41BHwpHHeW+N1lKCz4zOw==}

  '@tsconfig/node12@1.0.11':
    resolution: {integrity: sha512-cqefuRsh12pWyGsIoBKJA9luFu3mRxCA+ORZvA4ktLSzIuCUtWVxGIuXigEwO5/ywWFMZ2QEGKWvkZG1zDMTag==}

  '@tsconfig/node14@1.0.3':
    resolution: {integrity: sha512-ysT8mhdixWK6Hw3i1V2AeRqZ5WfXg1G43mqoYlM2nc6388Fq5jcXyr5mRsqViLx/GJYdoL0bfXD8nmF+Zn/Iow==}

  '@tsconfig/node16@1.0.4':
    resolution: {integrity: sha512-vxhUy4J8lyeyinH7Azl1pdd43GJhZH/tP2weN8TntQblOY+A0XbT8DJk1/oCPuOOyg/Ja757rG0CgHcWC8OfMA==}

  '@types/node@22.13.5':
    resolution: {integrity: sha512-+lTU0PxZXn0Dr1NBtC7Y8cR21AJr87dLLU953CWA6pMxxv/UDc7jYAY90upcrie1nRcD6XNG5HOYEDtgW5TxAg==}

  '@xmldom/xmldom@0.8.10':
    resolution: {integrity: sha512-2WALfTl4xo2SkGCYRt6rDTFfk9R1czmBvUQy12gK2KuRKIpWEhcbbzy8EZXtz/jkRqHX8bFEc6FC1HjX4TUWYw==}
    engines: {node: '>=10.0.0'}

  acorn-walk@8.3.4:
    resolution: {integrity: sha512-ueEepnujpqee2o5aIYnvHU6C0A42MNdsIDeqy5BydrkuC5R1ZuUFnm27EeFJGoEHJQgn3uleRvmTXaJgfXbt4g==}
    engines: {node: '>=0.4.0'}

  acorn@8.14.0:
    resolution: {integrity: sha512-cl669nCJTZBsL97OF4kUQm5g5hC2uihk0NxY3WENAC0TYdILVkAyHymAntgxGkl7K+t0cXIrH5siy5S4XkFycA==}
    engines: {node: '>=0.4.0'}
    hasBin: true

  arg@4.1.3:
    resolution: {integrity: sha512-58S9QDqG0Xx27YwPSt9fJxivjYl432YCwfDMfZ+71RAqUrZef7LrKQZ3LHLOwCS4FLNBplP533Zx895SeOCHvA==}

  array-parallel@0.1.3:
    resolution: {integrity: sha512-TDPTwSWW5E4oiFiKmz6RGJ/a80Y91GuLgUYuLd49+XBS75tYo8PNgaT2K/OxuQYqkoI852MDGBorg9OcUSTQ8w==}

  array-series@0.1.5:
    resolution: {integrity: sha512-L0XlBwfx9QetHOsbLDrE/vh2t018w9462HM3iaFfxRiK83aJjAt/Ja3NMkOW7FICwWTlQBa3ZbL5FKhuQWkDrg==}

  base64-js@0.0.8:
    resolution: {integrity: sha512-3XSA2cR/h/73EzlXXdU6YNycmYI7+kicTxks4eJg2g39biHR84slg2+des+p7iHYhbRg/udIS4TD53WabcOUkw==}
    engines: {node: '>= 0.4'}

  core-util-is@1.0.3:
    resolution: {integrity: sha512-ZQBvi1DcpJ4GDqanjucZ2Hj3wEO5pZDS89BWbkcrvdxksJorwUDDZamX9ldFkp9aw2lmBDLgkObEA4DWNJ9FYQ==}

  create-require@1.1.1:
    resolution: {integrity: sha512-dcKFX3jn0MpIaXjisoRvexIJVEKzaq7z2rZKxf+MSr9TkdmHmsU4m2lcLojrj/FHl8mk5VxMmYA+ftRkP/3oKQ==}

  cross-spawn@4.0.2:
    resolution: {integrity: sha512-yAXz/pA1tD8Gtg2S98Ekf/sewp3Lcp3YoFKJ4Hkp5h5yLWnKVTDU0kwjKJ8NDCYcfTLfyGkzTikst+jWypT1iA==}

  debug@3.2.7:
    resolution: {integrity: sha512-CFjzYYAi4ThfiQvizrFQevTTXHtnCqWfe7x1AhgEscTz6ZbLbfoLRLPugTQyBth6f8ZERVUSyWHFD/7Wu4t1XQ==}
    peerDependencies:
      supports-color: '*'
    peerDependenciesMeta:
      supports-color:
        optional: true

  diff@4.0.2:
    resolution: {integrity: sha512-58lmxKSA4BNyLz+HHMUzlOEpg09FV+ev6ZMe3vJihgdxzgcwZ8VoEEPmALCZG9LmqfVoNMMKpttIYTVG6uDY7A==}
    engines: {node: '>=0.3.1'}

  gm@1.25.0:
    resolution: {integrity: sha512-4kKdWXTtgQ4biIo7hZA396HT062nDVVHPjQcurNZ3o/voYN+o5FUC5kOwuORbpExp3XbTJ3SU7iRipiIhQtovw==}
    engines: {node: '>=14'}

  inherits@2.0.4:
    resolution: {integrity: sha512-k/vGaX4/Yla3WzyMCvTQOXYeIHvqOKtnqBduzTHpzpQZzAskKMhZ2K+EnBiSM9zGSoIFeMpXKxa4dYeZIQqewQ==}

  isarray@0.0.1:
    resolution: {integrity: sha512-D2S+3GLxWH+uhrNEcoh/fnmYeP8E8/zHl644d/jdA0g2uyXvy3sb0qxotE+ne0LtccHknQzWwZEzhak7oJ0COQ==}

  isexe@2.0.0:
    resolution: {integrity: sha512-RHxMLp9lnKHGHRng9QFhRCMbYAcVpn69smSGcq3f36xjgVVWThj4qqLbTLlq7Ssj8B+fIQ1EuCEGI2lKsyQeIw==}

  linebreak@1.1.0:
    resolution: {integrity: sha512-MHp03UImeVhB7XZtjd0E4n6+3xr5Dq/9xI/5FptGk5FrbDR3zagPa2DS6U8ks/3HjbKWG9Q1M2ufOzxV2qLYSQ==}

  lru-cache@4.1.5:
    resolution: {integrity: sha512-sWZlbEP2OsHNkXrMl5GYk/jKk70MBng6UU4YI/qGDYbgf6YbP4EvmqISbXCoJiRKs+1bSpFHVgQxvJ17F2li5g==}

  make-error@1.3.6:
    resolution: {integrity: sha512-s8UhlNe7vPKomQhC1qFelMokr/Sc3AgNbso3n74mVPA5LTZwkB9NlXf4XPamLxJE8h0gh73rM94xvwRT2CVInw==}

  memory-streams@0.1.3:
    resolution: {integrity: sha512-qVQ/CjkMyMInPaaRMrwWNDvf6boRZXaT/DbQeMYcCWuXPEBf1v8qChOc9OlEVQp2uOvRXa1Qu30fLmKhY6NipA==}

  ms@2.1.3:
    resolution: {integrity: sha512-6FlzubTLZG3J2a/NVCAleEhjzq5oxgHyaCU9yYXvcLsvoVaHJq/s5xXI6/XXP6tz7R9xAOtHnSO/tXtF3WRTlA==}

  muhammara@5.3.0:
    resolution: {integrity: sha512-TnufLQM0J3QbbXbJiUS1FWdBrtIVw2DudZBxFimIwlm7pgkFWPY/jNr1wx+6qLExqiI5njfESh+LXuuAXeMwcQ==}
    engines: {node: '>=17'}
    bundledDependencies:
      - '@mapbox/node-pre-gyp'

  pako@0.2.9:
    resolution: {integrity: sha512-NUcwaKxUxWrZLpDG+z/xZaCgQITkA/Dv4V/T6bw7VON6l1Xz/VnrBqrYjZQ12TamKHzITTfOEIYUj48y2KXImA==}

  pdf2pic@3.1.3:
    resolution: {integrity: sha512-KbW4Qb7iHw2fBRWtA9FTc4pZg9cokiFIzc6cE7dzelTrhXWolfQuG1fYVC0E2BRmK/w7xfBjQ+OEsPZPO3QEew==}
    engines: {node: '>=14'}

  pdfjs-dist@4.10.38:
    resolution: {integrity: sha512-/Y3fcFrXEAsMjJXeL9J8+ZG9U01LbuWaYypvDW2ycW1jL269L3js3DVBjDJ0Up9Np1uqDXsDrRihHANhZOlwdQ==}
    engines: {node: '>=20'}

  pseudomap@1.0.2:
    resolution: {integrity: sha512-b/YwNhb8lk1Zz2+bXXpS/LK9OisiZZ1SNsSLxN1x2OXVEhW2Ckr/7mWE5vrC1ZTiJlD9g19jWszTmJsB+oEpFQ==}

  readable-stream@1.0.34:
    resolution: {integrity: sha512-ok1qVCJuRkNmvebYikljxJA/UEsKwLl2nI1OmaqAu4/UE+h0wKCHok4XkL/gvi39OacXvw59RJUOFUkDib2rHg==}

  string_decoder@0.10.31:
    resolution: {integrity: sha512-ev2QzSzWPYmy9GuqfIVildA4OdcGLeFZQrq5ys6RtiuF+RQQiZWr8TZNyAcuVXyQRYfEO+MsoB/1BuQVhOJuoQ==}

  tiny-inflate@1.0.3:
    resolution: {integrity: sha512-pkY1fj1cKHb2seWDy0B16HeWyczlJA9/WW3u3c4z/NiWDsO3DOU5D7nhTLE9CF0yXv/QZFY7sEJmj24dK+Rrqw==}

  ts-node@10.9.2:
    resolution: {integrity: sha512-f0FFpIdcHgn8zcPSbf1dRevwt047YMnaiJM3u2w2RewrB+fob/zePZcrOyQoLMMO7aBIddLcQIEK5dYjkLnGrQ==}
    hasBin: true
    peerDependencies:
      '@swc/core': '>=1.2.50'
      '@swc/wasm': '>=1.2.50'
      '@types/node': '*'
      typescript: '>=2.7'
    peerDependenciesMeta:
      '@swc/core':
        optional: true
      '@swc/wasm':
        optional: true

  typescript@5.7.3:
    resolution: {integrity: sha512-84MVSjMEHP+FQRPy3pX9sTVV/INIex71s9TL2Gm5FG/WG1SqXeKyZ0k7/blY/4FdOzI12CBy1vGc4og/eus0fw==}
    engines: {node: '>=14.17'}
    hasBin: true

  undici-types@6.20.0:
    resolution: {integrity: sha512-Ny6QZ2Nju20vw1SRHe3d9jVu6gJ+4e3+MMpqu7pqE5HT6WsTSlce++GQmK5UXS8mzV8DSYHrQH+Xrf2jVcuKNg==}

  unicode-trie@2.0.0:
    resolution: {integrity: sha512-x7bc76x0bm4prf1VLg79uhAzKw8DVboClSN5VxJuQ+LKDOVEW9CdH+VY7SP+vX7xCYQqzzgQpFqz15zeLvAtZQ==}

  v8-compile-cache-lib@3.0.1:
    resolution: {integrity: sha512-wa7YjyUGfNZngI/vtK0UHAN+lgDCxBPCylVXGp0zu59Fz5aiGtNXaq3DhIov063MorB+VfufLh3JlF2KdTK3xg==}

  which@1.3.1:
    resolution: {integrity: sha512-HxJdYWq1MTIQbJ3nw0cqssHoTNU267KlrDuGZ1WYlxDStUtKUhOaJmh112/TZmHxxUfuJqPXSOm7tDyas0OSIQ==}
    hasBin: true

  yallist@2.1.2:
    resolution: {integrity: sha512-ncTzHV7NvsQZkYe1DW7cbDLm0YpzHmZF5r/iyP3ZnQtMiJ+pjzisCiMNI+Sj+xQF5pXhSHxSB3uDbsBTzY/c2A==}

  yn@3.1.1:
    resolution: {integrity: sha512-Ux4ygGWsu2c7isFWe8Yu1YluJmqVhxqK2cLXNQA5AcC3QfbGNpM7fu0Y8b/z16pXLnFxZYvWhd3fhBY9DLmC6Q==}
    engines: {node: '>=6'}

snapshots:

  '@cspotcode/source-map-support@0.8.1':
    dependencies:
      '@jridgewell/trace-mapping': 0.3.9

  '@jridgewell/resolve-uri@3.1.2': {}

  '@jridgewell/sourcemap-codec@1.5.0': {}

  '@jridgewell/trace-mapping@0.3.9':
    dependencies:
      '@jridgewell/resolve-uri': 3.1.2
      '@jridgewell/sourcemap-codec': 1.5.0

  '@napi-rs/canvas-android-arm64@0.1.67':
    optional: true

  '@napi-rs/canvas-darwin-arm64@0.1.67':
    optional: true

  '@napi-rs/canvas-darwin-x64@0.1.67':
    optional: true

  '@napi-rs/canvas-linux-arm-gnueabihf@0.1.67':
    optional: true

  '@napi-rs/canvas-linux-arm64-gnu@0.1.67':
    optional: true

  '@napi-rs/canvas-linux-arm64-musl@0.1.67':
    optional: true

  '@napi-rs/canvas-linux-riscv64-gnu@0.1.67':
    optional: true

  '@napi-rs/canvas-linux-x64-gnu@0.1.67':
    optional: true

  '@napi-rs/canvas-linux-x64-musl@0.1.67':
    optional: true

  '@napi-rs/canvas-win32-x64-msvc@0.1.67':
    optional: true

  '@napi-rs/canvas@0.1.67':
    optionalDependencies:
      '@napi-rs/canvas-android-arm64': 0.1.67
      '@napi-rs/canvas-darwin-arm64': 0.1.67
      '@napi-rs/canvas-darwin-x64': 0.1.67
      '@napi-rs/canvas-linux-arm-gnueabihf': 0.1.67
      '@napi-rs/canvas-linux-arm64-gnu': 0.1.67
      '@napi-rs/canvas-linux-arm64-musl': 0.1.67
      '@napi-rs/canvas-linux-riscv64-gnu': 0.1.67
      '@napi-rs/canvas-linux-x64-gnu': 0.1.67
      '@napi-rs/canvas-linux-x64-musl': 0.1.67
      '@napi-rs/canvas-win32-x64-msvc': 0.1.67
    optional: true

  '@tsconfig/node10@1.0.11': {}

  '@tsconfig/node12@1.0.11': {}

  '@tsconfig/node14@1.0.3': {}

  '@tsconfig/node16@1.0.4': {}

  '@types/node@22.13.5':
    dependencies:
      undici-types: 6.20.0

  '@xmldom/xmldom@0.8.10': {}

  acorn-walk@8.3.4:
    dependencies:
      acorn: 8.14.0

  acorn@8.14.0: {}

  arg@4.1.3: {}

  array-parallel@0.1.3: {}

  array-series@0.1.5: {}

  base64-js@0.0.8: {}

  core-util-is@1.0.3: {}

  create-require@1.1.1: {}

  cross-spawn@4.0.2:
    dependencies:
      lru-cache: 4.1.5
      which: 1.3.1

  debug@3.2.7:
    dependencies:
      ms: 2.1.3

  diff@4.0.2: {}

  gm@1.25.0:
    dependencies:
      array-parallel: 0.1.3
      array-series: 0.1.5
      cross-spawn: 4.0.2
      debug: 3.2.7
    transitivePeerDependencies:
      - supports-color

  inherits@2.0.4: {}

  isarray@0.0.1: {}

  isexe@2.0.0: {}

  linebreak@1.1.0:
    dependencies:
      base64-js: 0.0.8
      unicode-trie: 2.0.0

  lru-cache@4.1.5:
    dependencies:
      pseudomap: 1.0.2
      yallist: 2.1.2

  make-error@1.3.6: {}

  memory-streams@0.1.3:
    dependencies:
      readable-stream: 1.0.34

  ms@2.1.3: {}

  muhammara@5.3.0:
    dependencies:
      '@xmldom/xmldom': 0.8.10
      linebreak: 1.1.0
      memory-streams: 0.1.3

  pako@0.2.9: {}

  pdf2pic@3.1.3:
    dependencies:
      gm: 1.25.0
    transitivePeerDependencies:
      - supports-color

  pdfjs-dist@4.10.38:
    optionalDependencies:
      '@napi-rs/canvas': 0.1.67

  pseudomap@1.0.2: {}

  readable-stream@1.0.34:
    dependencies:
      core-util-is: 1.0.3
      inherits: 2.0.4
      isarray: 0.0.1
      string_decoder: 0.10.31

  string_decoder@0.10.31: {}

  tiny-inflate@1.0.3: {}

  ts-node@10.9.2(@types/node@22.13.5)(typescript@5.7.3):
    dependencies:
      '@cspotcode/source-map-support': 0.8.1
      '@tsconfig/node10': 1.0.11
      '@tsconfig/node12': 1.0.11
      '@tsconfig/node14': 1.0.3
      '@tsconfig/node16': 1.0.4
      '@types/node': 22.13.5
      acorn: 8.14.0
      acorn-walk: 8.3.4
      arg: 4.1.3
      create-require: 1.1.1
      diff: 4.0.2
      make-error: 1.3.6
      typescript: 5.7.3
      v8-compile-cache-lib: 3.0.1
      yn: 3.1.1

  typescript@5.7.3: {}

  undici-types@6.20.0: {}

  unicode-trie@2.0.0:
    dependencies:
      pako: 0.2.9
      tiny-inflate: 1.0.3

  v8-compile-cache-lib@3.0.1: {}

  which@1.3.1:
    dependencies:
      isexe: 2.0.0

  yallist@2.1.2: {}

  yn@3.1.1: {}
